
Microsoft Visual Studio Solution File, Format Version 10.00
# Visual Studio 2008
Project("{8BC9CEB8-8B4A-11D0-8D11-00A0C91BC942}") = "ECTIFace", "ECTIFace\ECTIFace.vcproj", "{07E9D768-F7CE-48E3-963D-0E52111AF4F9}"
EndProject
Project("{8BC9CEB8-8B4A-11D0-8D11-00A0C91BC942}") = "EasyCTX", "EasyCTX\EasyCTX.vcproj", "{8D716F09-9A93-41F7-A9AA-D89A5BBE3FCE}"
	ProjectSection(ProjectDependencies) = postProject
		{07E9D768-F7CE-48E3-963D-0E52111AF4F9} = {07E9D768-F7CE-48E3-963D-0E52111AF4F9}
	EndProjectSection
EndProject
Project("{8BC9CEB8-8B4A-11D0-8D11-00A0C91BC942}") = "EasyCash", "EasyCash.vcproj", "{38F2C362-8383-4743-808F-F9D924DCBE9B}"
	ProjectSection(ProjectDependencies) = postProject
		{8D716F09-9A93-41F7-A9AA-D89A5BBE3FCE} = {8D716F09-9A93-41F7-A9AA-D89A5BBE3FCE}
		{9BD9BB2D-46B3-4517-B493-952E591C2C58} = {9BD9BB2D-46B3-4517-B493-952E591C2C58}
		{07E9D768-F7CE-48E3-963D-0E52111AF4F9} = {07E9D768-F7CE-48E3-963D-0E52111AF4F9}
	EndProjectSection
EndProject
Project("{8BC9CEB8-8B4A-11D0-8D11-00A0C91BC942}") = "EasyCTXP", "EasyCTXP\EasyCTXP.vcproj", "{9BD9BB2D-46B3-4517-B493-952E591C2C58}"
EndProject
Project("{8BC9CEB8-8B4A-11D0-8D11-00A0C91BC942}") = "ECTUpdater", "ECTUpdater\ECTUpdater.vcproj", "{2F0CA23B-145A-4EEB-8027-282267E1FE8E}"
EndProject
Global
	GlobalSection(SolutionConfigurationPlatforms) = preSolution
		Debug|Win32 = Debug|Win32
		Release|Win32 = Release|Win32
		Unicode Debug|Win32 = Unicode Debug|Win32
		Unicode Release|Win32 = Unicode Release|Win32
	EndGlobalSection
	GlobalSection(ProjectConfigurationPlatforms) = postSolution
		{07E9D768-F7CE-48E3-963D-0E52111AF4F9}.Debug|Win32.ActiveCfg = Debug|Win32
		{07E9D768-F7CE-48E3-963D-0E52111AF4F9}.Debug|Win32.Build.0 = Debug|Win32
		{07E9D768-F7CE-48E3-963D-0E52111AF4F9}.Release|Win32.ActiveCfg = Release|Win32
		{07E9D768-F7CE-48E3-963D-0E52111AF4F9}.Release|Win32.Build.0 = Release|Win32
		{07E9D768-F7CE-48E3-963D-0E52111AF4F9}.Unicode Debug|Win32.ActiveCfg = Debug|Win32
		{07E9D768-F7CE-48E3-963D-0E52111AF4F9}.Unicode Debug|Win32.Build.0 = Debug|Win32
		{07E9D768-F7CE-48E3-963D-0E52111AF4F9}.Unicode Release|Win32.ActiveCfg = Release|Win32
		{07E9D768-F7CE-48E3-963D-0E52111AF4F9}.Unicode Release|Win32.Build.0 = Release|Win32
		{8D716F09-9A93-41F7-A9AA-D89A5BBE3FCE}.Debug|Win32.ActiveCfg = Debug|Win32
		{8D716F09-9A93-41F7-A9AA-D89A5BBE3FCE}.Debug|Win32.Build.0 = Debug|Win32
		{8D716F09-9A93-41F7-A9AA-D89A5BBE3FCE}.Release|Win32.ActiveCfg = Release|Win32
		{8D716F09-9A93-41F7-A9AA-D89A5BBE3FCE}.Release|Win32.Build.0 = Release|Win32
		{8D716F09-9A93-41F7-A9AA-D89A5BBE3FCE}.Unicode Debug|Win32.ActiveCfg = Unicode Debug|Win32
		{8D716F09-9A93-41F7-A9AA-D89A5BBE3FCE}.Unicode Debug|Win32.Build.0 = Unicode Debug|Win32
		{8D716F09-9A93-41F7-A9AA-D89A5BBE3FCE}.Unicode Release|Win32.ActiveCfg = Unicode Release|Win32
		{8D716F09-9A93-41F7-A9AA-D89A5BBE3FCE}.Unicode Release|Win32.Build.0 = Unicode Release|Win32
		{38F2C362-8383-4743-808F-F9D924DCBE9B}.Debug|Win32.ActiveCfg = Debug|Win32
		{38F2C362-8383-4743-808F-F9D924DCBE9B}.Debug|Win32.Build.0 = Debug|Win32
		{38F2C362-8383-4743-808F-F9D924DCBE9B}.Release|Win32.ActiveCfg = Release|Win32
		{38F2C362-8383-4743-808F-F9D924DCBE9B}.Release|Win32.Build.0 = Release|Win32
		{38F2C362-8383-4743-808F-F9D924DCBE9B}.Unicode Debug|Win32.ActiveCfg = Debug|Win32
		{38F2C362-8383-4743-808F-F9D924DCBE9B}.Unicode Debug|Win32.Build.0 = Debug|Win32
		{38F2C362-8383-4743-808F-F9D924DCBE9B}.Unicode Release|Win32.ActiveCfg = Release|Win32
		{38F2C362-8383-4743-808F-F9D924DCBE9B}.Unicode Release|Win32.Build.0 = Release|Win32
		{9BD9BB2D-46B3-4517-B493-952E591C2C58}.Debug|Win32.ActiveCfg = Debug|Win32
		{9BD9BB2D-46B3-4517-B493-952E591C2C58}.Debug|Win32.Build.0 = Debug|Win32
		{9BD9BB2D-46B3-4517-B493-952E591C2C58}.Release|Win32.ActiveCfg = Release|Win32
		{9BD9BB2D-46B3-4517-B493-952E591C2C58}.Release|Win32.Build.0 = Release|Win32
		{9BD9BB2D-46B3-4517-B493-952E591C2C58}.Unicode Debug|Win32.ActiveCfg = Debug|Win32
		{9BD9BB2D-46B3-4517-B493-952E591C2C58}.Unicode Debug|Win32.Build.0 = Debug|Win32
		{9BD9BB2D-46B3-4517-B493-952E591C2C58}.Unicode Release|Win32.ActiveCfg = Release|Win32
		{9BD9BB2D-46B3-4517-B493-952E591C2C58}.Unicode Release|Win32.Build.0 = Release|Win32
		{2F0CA23B-145A-4EEB-8027-282267E1FE8E}.Debug|Win32.ActiveCfg = Debug|Win32
		{2F0CA23B-145A-4EEB-8027-282267E1FE8E}.Debug|Win32.Build.0 = Debug|Win32
		{2F0CA23B-145A-4EEB-8027-282267E1FE8E}.Release|Win32.ActiveCfg = Release|Win32
		{2F0CA23B-145A-4EEB-8027-282267E1FE8E}.Release|Win32.Build.0 = Release|Win32
		{2F0CA23B-145A-4EEB-8027-282267E1FE8E}.Unicode Debug|Win32.ActiveCfg = Debug|Win32
		{2F0CA23B-145A-4EEB-8027-282267E1FE8E}.Unicode Debug|Win32.Build.0 = Debug|Win32
		{2F0CA23B-145A-4EEB-8027-282267E1FE8E}.Unicode Release|Win32.ActiveCfg = Release|Win32
		{2F0CA23B-145A-4EEB-8027-282267E1FE8E}.Unicode Release|Win32.Build.0 = Release|Win32
	EndGlobalSection
	GlobalSection(SolutionProperties) = preSolution
		HideSolutionNode = FALSE
	EndGlobalSection
EndGlobal
