<?xml version="1.0" encoding="utf-8"?>
<Project ToolsVersion="4.0" xmlns="http://schemas.microsoft.com/developer/msbuild/2003">
  <ItemGroup>
    <Filter Include="Source Files">
      <UniqueIdentifier>{9977f26e-7f57-488a-a92e-6e681cc51b86}</UniqueIdentifier>
      <Extensions>cpp;c;cxx;rc;def;r;odl;idl;hpj;bat</Extensions>
    </Filter>
    <Filter Include="Header Files">
      <UniqueIdentifier>{d01b170b-c16b-4a87-80ca-ac62de594a30}</UniqueIdentifier>
      <Extensions>h;hpp;hxx;hm;inl</Extensions>
    </Filter>
    <Filter Include="Resource Files">
      <UniqueIdentifier>{1da24b6a-b40e-4838-b550-1b326539791a}</UniqueIdentifier>
      <Extensions>ico;cur;bmp;dlg;rc2;rct;bin;rgs;gif;jpg;jpeg;jpe</Extensions>
    </Filter>
  </ItemGroup>
  <ItemGroup>
    <ClCompile Include="BuchungCtl.cpp">
      <Filter>Source Files</Filter>
    </ClCompile>
    <ClCompile Include="BuchungPpg.cpp">
      <Filter>Source Files</Filter>
    </ClCompile>
    <ClCompile Include="DokumentCtl.cpp">
      <Filter>Source Files</Filter>
    </ClCompile>
    <ClCompile Include="DokumentPpg.cpp">
      <Filter>Source Files</Filter>
    </ClCompile>
    <ClCompile Include="EasyCTX.cpp">
      <Filter>Source Files</Filter>
    </ClCompile>
    <ClCompile Include="EinstellungCtl.cpp">
      <Filter>Source Files</Filter>
    </ClCompile>
    <ClCompile Include="EinstellungPpg.cpp">
      <Filter>Source Files</Filter>
    </ClCompile>
    <ClCompile Include="FormularCtl.cpp">
      <Filter>Source Files</Filter>
    </ClCompile>
    <ClCompile Include="FormularPpg.cpp">
      <Filter>Source Files</Filter>
    </ClCompile>
    <ClCompile Include="StdAfx.cpp">
      <Filter>Source Files</Filter>
    </ClCompile>
  </ItemGroup>
  <ItemGroup>
    <None Include="EasyCTX.def">
      <Filter>Source Files</Filter>
    </None>
    <None Include="Hlp\EasyCTX.rtf" />
  </ItemGroup>
  <ItemGroup>
    <Midl Include="EasyCTX.odl">
      <Filter>Source Files</Filter>
    </Midl>
  </ItemGroup>
  <ItemGroup>
    <ResourceCompile Include="EasyCTX.rc">
      <Filter>Source Files</Filter>
    </ResourceCompile>
  </ItemGroup>
  <ItemGroup>
    <ClInclude Include="BuchungCtl.h">
      <Filter>Header Files</Filter>
    </ClInclude>
    <ClInclude Include="BuchungPpg.h">
      <Filter>Header Files</Filter>
    </ClInclude>
    <ClInclude Include="DokumentCtl.h">
      <Filter>Header Files</Filter>
    </ClInclude>
    <ClInclude Include="DokumentPpg.h">
      <Filter>Header Files</Filter>
    </ClInclude>
    <ClInclude Include="EasyCTX.h">
      <Filter>Header Files</Filter>
    </ClInclude>
    <ClInclude Include="EinstellungCtl.h">
      <Filter>Header Files</Filter>
    </ClInclude>
    <ClInclude Include="EinstellungPpg.h">
      <Filter>Header Files</Filter>
    </ClInclude>
    <ClInclude Include="FormularCtl.h">
      <Filter>Header Files</Filter>
    </ClInclude>
    <ClInclude Include="FormularPpg.h">
      <Filter>Header Files</Filter>
    </ClInclude>
    <ClInclude Include="StdAfx.h">
      <Filter>Header Files</Filter>
    </ClInclude>
  </ItemGroup>
  <ItemGroup>
    <Image Include="BuchungCtl.bmp">
      <Filter>Resource Files</Filter>
    </Image>
    <Image Include="Hlp\Bullet.bmp">
      <Filter>Resource Files</Filter>
    </Image>
    <Image Include="DokumentCtl.bmp">
      <Filter>Resource Files</Filter>
    </Image>
    <Image Include="EasyCTX.ico">
      <Filter>Resource Files</Filter>
    </Image>
    <Image Include="einstell.bmp">
      <Filter>Resource Files</Filter>
    </Image>
    <Image Include="EinstellungCtl.bmp">
      <Filter>Resource Files</Filter>
    </Image>
  </ItemGroup>
  <ItemGroup>
    <Text Include="ReadMe.txt" />
  </ItemGroup>
  <ItemGroup>
    <CustomBuild Include="Resource.h">
      <Filter>Header Files</Filter>
    </CustomBuild>
  </ItemGroup>
</Project>