<?xml version="1.0" encoding="utf-8"?>
<Project ToolsVersion="4.0" xmlns="http://schemas.microsoft.com/developer/msbuild/2003">
  <ItemGroup>
    <Filter Include="Source Files">
      <UniqueIdentifier>{83dbba23-f6e9-467a-8c3b-213015d6c622}</UniqueIdentifier>
      <Extensions>cpp;c;cxx;rc;def;r;odl;idl;hpj;bat;for;f90</Extensions>
    </Filter>
    <Filter Include="Header Files">
      <UniqueIdentifier>{c7fc76cf-f309-42d6-bc4b-207f1eeca16d}</UniqueIdentifier>
      <Extensions>h;hpp;hxx;hm;inl;fi;fd</Extensions>
    </Filter>
    <Filter Include="Resource Files">
      <UniqueIdentifier>{21878351-68ac-4831-ba81-5d405651a178}</UniqueIdentifier>
      <Extensions>ico;cur;bmp;dlg;rc2;rct;bin;cnt;rtf;gif;jpg;jpeg;jpe</Extensions>
    </Filter>
  </ItemGroup>
  <ItemGroup>
    <ClCompile Include="AfAGenauigkeit.cpp">
      <Filter>Source Files</Filter>
    </ClCompile>
    <ClCompile Include="buchungsjahrwaehlen.cpp">
      <Filter>Source Files</Filter>
    </ClCompile>
    <ClCompile Include="Datensicherungsoptionen.cpp">
      <Filter>Source Files</Filter>
    </ClCompile>
    <ClCompile Include="easycashdoc.cpp">
      <Filter>Source Files</Filter>
    </ClCompile>
    <ClCompile Include="ectiface.cpp">
      <Filter>Source Files</Filter>
    </ClCompile>
    <ClCompile Include="ECTIFaceMisc.cpp">
      <Filter>Source Files</Filter>
    </ClCompile>
    <ClCompile Include="Konvertierung.cpp">
      <Filter>Source Files</Filter>
    </ClCompile>
    <ClCompile Include="Startoptionen.cpp">
      <Filter>Source Files</Filter>
    </ClCompile>
    <ClCompile Include="StdAfx.cpp">
      <Filter>Source Files</Filter>
    </ClCompile>
    <ClCompile Include="XMLite.cpp">
      <Filter>Source Files</Filter>
    </ClCompile>
  </ItemGroup>
  <ItemGroup>
    <None Include="ECTIFace.def">
      <Filter>Source Files</Filter>
    </None>
    <None Include="res\ectiface.rc2">
      <Filter>Resource Files</Filter>
    </None>
  </ItemGroup>
  <ItemGroup>
    <ResourceCompile Include="ECTIFace.rc">
      <Filter>Source Files</Filter>
    </ResourceCompile>
  </ItemGroup>
  <ItemGroup>
    <Text Include="ReadMe.txt">
      <Filter>Source Files</Filter>
    </Text>
  </ItemGroup>
  <ItemGroup>
    <ClInclude Include="AfAGenauigkeit.h">
      <Filter>Header Files</Filter>
    </ClInclude>
    <ClInclude Include="buchungsjahrwaehlen.h">
      <Filter>Header Files</Filter>
    </ClInclude>
    <ClInclude Include="Datensicherungsoptionen.h">
      <Filter>Header Files</Filter>
    </ClInclude>
    <ClInclude Include="EasyCashDoc.h">
      <Filter>Header Files</Filter>
    </ClInclude>
    <ClInclude Include="ectiface.h">
      <Filter>Header Files</Filter>
    </ClInclude>
    <ClInclude Include="Konvertierung.h">
      <Filter>Header Files</Filter>
    </ClInclude>
    <ClInclude Include="resource.h">
      <Filter>Header Files</Filter>
    </ClInclude>
    <ClInclude Include="Startoptionen.h">
      <Filter>Header Files</Filter>
    </ClInclude>
    <ClInclude Include="stdafx.h">
      <Filter>Header Files</Filter>
    </ClInclude>
    <ClInclude Include="XMLite.h">
      <Filter>Header Files</Filter>
    </ClInclude>
  </ItemGroup>
</Project>